
Microsoft Visual Studio Solution File, Format Version 12.00
# Visual Studio Version 16
VisualStudioVersion = 16.0.31402.337
MinimumVisualStudioVersion = 10.0.40219.1
Project("{9092AA53-FB77-4645-B42D-1CCCA6BD08BD}") = "TimesheetWebApp", "..\..\..\OneDrive - Coventry University\Timesheet Project\TimesheetWebApp.njsproj", "{22B205B5-3348-4844-9B40-524D2BA99696}"
EndProject
Global
	GlobalSection(SolutionConfigurationPlatforms) = preSolution
		Debug|Any CPU = Debug|Any CPU
		Release|Any CPU = Release|Any CPU
	EndGlobalSection
	GlobalSection(ProjectConfigurationPlatforms) = postSolution
		{22B205B5-3348-4844-9B40-524D2BA99696}.Debug|Any CPU.ActiveCfg = Debug|Any CPU
		{22B205B5-3348-4844-9B40-524D2BA99696}.Debug|Any CPU.Build.0 = Debug|Any CPU
		{22B205B5-3348-4844-9B40-524D2BA99696}.Release|Any CPU.ActiveCfg = Release|Any CPU
		{22B205B5-3348-4844-9B40-524D2BA99696}.Release|Any CPU.Build.0 = Release|Any CPU
	EndGlobalSection
	GlobalSection(SolutionProperties) = preSolution
		HideSolutionNode = FALSE
	EndGlobalSection
	GlobalSection(ExtensibilityGlobals) = postSolution
		SolutionGuid = {0B6E79C6-1136-4220-BC85-811C18571B61}
	EndGlobalSection
EndGlobal
